// !$*UTF8*$!
{
	archiveVersion = 1;
	classes = {
	};
	objectVersion = 55;
	objects = {

/* Begin PBXBuildFile section */
		84CA7D40284EF0B200AC16DA /* AppDelegate.m in Sources */ = {isa = PBXBuildFile; fileRef = 84CA7D3F284EF0B200AC16DA /* AppDelegate.m */; };
		84CA7D43284EF0B200AC16DA /* SceneDelegate.m in Sources */ = {isa = PBXBuildFile; fileRef = 84CA7D42284EF0B200AC16DA /* SceneDelegate.m */; };
		84CA7D46284EF0B200AC16DA /* ViewController.m in Sources */ = {isa = PBXBuildFile; fileRef = 84CA7D45284EF0B200AC16DA /* ViewController.m */; };
		84CA7D49284EF0B200AC16DA /* Main.storyboard in Resources */ = {isa = PBXBuildFile; fileRef = 84CA7D47284EF0B200AC16DA /* Main.storyboard */; };
		84CA7D4B284EF0B400AC16DA /* Assets.xcassets in Resources */ = {isa = PBXBuildFile; fileRef = 84CA7D4A284EF0B400AC16DA /* Assets.xcassets */; };
		84CA7D4E284EF0B400AC16DA /* LaunchScreen.storyboard in Resources */ = {isa = PBXBuildFile; fileRef = 84CA7D4C284EF0B400AC16DA /* LaunchScreen.storyboard */; };
		84CA7D51284EF0B400AC16DA /* main.m in Sources */ = {isa = PBXBuildFile; fileRef = 84CA7D50284EF0B400AC16DA /* main.m */; };
		84CA7D5B284EF0B400AC16DA /* TestSocketTests.m in Sources */ = {isa = PBXBuildFile; fileRef = 84CA7D5A284EF0B400AC16DA /* TestSocketTests.m */; };
		84CA7D65284EF0B400AC16DA /* TestSocketUITests.m in Sources */ = {isa = PBXBuildFile; fileRef = 84CA7D64284EF0B400AC16DA /* TestSocketUITests.m */; };
		84CA7D67284EF0B400AC16DA /* TestSocketUITestsLaunchTests.m in Sources */ = {isa = PBXBuildFile; fileRef = 84CA7D66284EF0B400AC16DA /* TestSocketUITestsLaunchTests.m */; };
		84CA7D77284EF4B600AC16DA /* GCDAsyncUdpSocket.m in Sources */ = {isa = PBXBuildFile; fileRef = 84CA7D73284EF4B500AC16DA /* GCDAsyncUdpSocket.m */; };
		84CA7D78284EF4B600AC16DA /* GCDAsyncSocket.m in Sources */ = {isa = PBXBuildFile; fileRef = 84CA7D76284EF4B500AC16DA /* GCDAsyncSocket.m */; };
		84CA7D7B284EF51600AC16DA /* CFNetwork.framework in Frameworks */ = {isa = PBXBuildFile; fileRef = 84CA7D7A284EF51600AC16DA /* CFNetwork.framework */; };
/* End PBXBuildFile section */

/* Begin PBXContainerItemProxy section */
		84CA7D57284EF0B400AC16DA /* PBXContainerItemProxy */ = {
			isa = PBXContainerItemProxy;
			containerPortal = 84CA7D33284EF0B200AC16DA /* Project object */;
			proxyType = 1;
			remoteGlobalIDString = 84CA7D3A284EF0B200AC16DA;
			remoteInfo = TestSocket;
		};
		84CA7D61284EF0B400AC16DA /* PBXContainerItemProxy */ = {
			isa = PBXContainerItemProxy;
			containerPortal = 84CA7D33284EF0B200AC16DA /* Project object */;
			proxyType = 1;
			remoteGlobalIDString = 84CA7D3A284EF0B200AC16DA;
			remoteInfo = TestSocket;
		};
/* End PBXContainerItemProxy section */

/* Begin PBXFileReference section */
		84CA7D3B284EF0B200AC16DA /* TestSocket.app */ = {isa = PBXFileReference; explicitFileType = wrapper.application; includeInIndex = 0; path = TestSocket.app; sourceTree = BUILT_PRODUCTS_DIR; };
		84CA7D3E284EF0B200AC16DA /* AppDelegate.h */ = {isa = PBXFileReference; lastKnownFileType = sourcecode.c.h; path = AppDelegate.h; sourceTree = "<group>"; };
		84CA7D3F284EF0B200AC16DA /* AppDelegate.m */ = {isa = PBXFileReference; lastKnownFileType = sourcecode.c.objc; path = AppDelegate.m; sourceTree = "<group>"; };
		84CA7D41284EF0B200AC16DA /* SceneDelegate.h */ = {isa = PBXFileReference; lastKnownFileType = sourcecode.c.h; path = SceneDelegate.h; sourceTree = "<group>"; };
		84CA7D42284EF0B200AC16DA /* SceneDelegate.m */ = {isa = PBXFileReference; lastKnownFileType = sourcecode.c.objc; path = SceneDelegate.m; sourceTree = "<group>"; };
		84CA7D44284EF0B200AC16DA /* ViewController.h */ = {isa = PBXFileReference; lastKnownFileType = sourcecode.c.h; path = ViewController.h; sourceTree = "<group>"; };
		84CA7D45284EF0B200AC16DA /* ViewController.m */ = {isa = PBXFileReference; lastKnownFileType = sourcecode.c.objc; path = ViewController.m; sourceTree = "<group>"; };
		84CA7D48284EF0B200AC16DA /* Base */ = {isa = PBXFileReference; lastKnownFileType = file.storyboard; name = Base; path = Base.lproj/Main.storyboard; sourceTree = "<group>"; };
		84CA7D4A284EF0B400AC16DA /* Assets.xcassets */ = {isa = PBXFileReference; lastKnownFileType = folder.assetcatalog; path = Assets.xcassets; sourceTree = "<group>"; };
		84CA7D4D284EF0B400AC16DA /* Base */ = {isa = PBXFileReference; lastKnownFileType = file.storyboard; name = Base; path = Base.lproj/LaunchScreen.storyboard; sourceTree = "<group>"; };
		84CA7D4F284EF0B400AC16DA /* Info.plist */ = {isa = PBXFileReference; lastKnownFileType = text.plist.xml; path = Info.plist; sourceTree = "<group>"; };
		84CA7D50284EF0B400AC16DA /* main.m */ = {isa = PBXFileReference; lastKnownFileType = sourcecode.c.objc; path = main.m; sourceTree = "<group>"; };
		84CA7D56284EF0B400AC16DA /* TestSocketTests.xctest */ = {isa = PBXFileReference; explicitFileType = wrapper.cfbundle; includeInIndex = 0; path = TestSocketTests.xctest; sourceTree = BUILT_PRODUCTS_DIR; };
		84CA7D5A284EF0B400AC16DA /* TestSocketTests.m */ = {isa = PBXFileReference; lastKnownFileType = sourcecode.c.objc; path = TestSocketTests.m; sourceTree = "<group>"; };
		84CA7D60284EF0B400AC16DA /* TestSocketUITests.xctest */ = {isa = PBXFileReference; explicitFileType = wrapper.cfbundle; includeInIndex = 0; path = TestSocketUITests.xctest; sourceTree = BUILT_PRODUCTS_DIR; };
		84CA7D64284EF0B400AC16DA /* TestSocketUITests.m */ = {isa = PBXFileReference; lastKnownFileType = sourcecode.c.objc; path = TestSocketUITests.m; sourceTree = "<group>"; };
		84CA7D66284EF0B400AC16DA /* TestSocketUITestsLaunchTests.m */ = {isa = PBXFileReference; lastKnownFileType = sourcecode.c.objc; path = TestSocketUITestsLaunchTests.m; sourceTree = "<group>"; };
		84CA7D73284EF4B500AC16DA /* GCDAsyncUdpSocket.m */ = {isa = PBXFileReference; fileEncoding = 4; lastKnownFileType = sourcecode.c.objc; path = GCDAsyncUdpSocket.m; sourceTree = "<group>"; };
		84CA7D74284EF4B500AC16DA /* GCDAsyncSocket.h */ = {isa = PBXFileReference; fileEncoding = 4; lastKnownFileType = sourcecode.c.h; path = GCDAsyncSocket.h; sourceTree = "<group>"; };
		84CA7D75284EF4B500AC16DA /* GCDAsyncUdpSocket.h */ = {isa = PBXFileReference; fileEncoding = 4; lastKnownFileType = sourcecode.c.h; path = GCDAsyncUdpSocket.h; sourceTree = "<group>"; };
		84CA7D76284EF4B500AC16DA /* GCDAsyncSocket.m */ = {isa = PBXFileReference; fileEncoding = 4; lastKnownFileType = sourcecode.c.objc; path = GCDAsyncSocket.m; sourceTree = "<group>"; };
		84CA7D7A284EF51600AC16DA /* CFNetwork.framework */ = {isa = PBXFileReference; lastKnownFileType = wrapper.framework; name = CFNetwork.framework; path = System/Library/Frameworks/CFNetwork.framework; sourceTree = SDKROOT; };
/* End PBXFileReference section */

/* Begin PBXFrameworksBuildPhase section */
		84CA7D38284EF0B200AC16DA /* Frameworks */ = {
			isa = PBXFrameworksBuildPhase;
			buildActionMask = 2147483647;
			files = (
				84CA7D7B284EF51600AC16DA /* CFNetwork.framework in Frameworks */,
			);
			runOnlyForDeploymentPostprocessing = 0;
		};
		84CA7D53284EF0B400AC16DA /* Frameworks */ = {
			isa = PBXFrameworksBuildPhase;
			buildActionMask = 2147483647;
			files = (
			);
			runOnlyForDeploymentPostprocessing = 0;
		};
		84CA7D5D284EF0B400AC16DA /* Frameworks */ = {
			isa = PBXFrameworksBuildPhase;
			buildActionMask = 2147483647;
			files = (
			);
			runOnlyForDeploymentPostprocessing = 0;
		};
/* End PBXFrameworksBuildPhase section */

/* Begin PBXGroup section */
		84CA7D32284EF0B200AC16DA = {
			isa = PBXGroup;
			children = (
				84CA7D3D284EF0B200AC16DA /* TestSocket */,
				84CA7D59284EF0B400AC16DA /* TestSocketTests */,
				84CA7D63284EF0B400AC16DA /* TestSocketUITests */,
				84CA7D3C284EF0B200AC16DA /* Products */,
				84CA7D79284EF51600AC16DA /* Frameworks */,
			);
			sourceTree = "<group>";
		};
		84CA7D3C284EF0B200AC16DA /* Products */ = {
			isa = PBXGroup;
			children = (
				84CA7D3B284EF0B200AC16DA /* TestSocket.app */,
				84CA7D56284EF0B400AC16DA /* TestSocketTests.xctest */,
				84CA7D60284EF0B400AC16DA /* TestSocketUITests.xctest */,
			);
			name = Products;
			sourceTree = "<group>";
		};
		84CA7D3D284EF0B200AC16DA /* TestSocket */ = {
			isa = PBXGroup;
			children = (
				84CA7D3E284EF0B200AC16DA /* AppDelegate.h */,
				84CA7D3F284EF0B200AC16DA /* AppDelegate.m */,
				84CA7D41284EF0B200AC16DA /* SceneDelegate.h */,
				84CA7D42284EF0B200AC16DA /* SceneDelegate.m */,
				84CA7D44284EF0B200AC16DA /* ViewController.h */,
				84CA7D45284EF0B200AC16DA /* ViewController.m */,
				84CA7D74284EF4B500AC16DA /* GCDAsyncSocket.h */,
				84CA7D76284EF4B500AC16DA /* GCDAsyncSocket.m */,
				84CA7D75284EF4B500AC16DA /* GCDAsyncUdpSocket.h */,
				84CA7D73284EF4B500AC16DA /* GCDAsyncUdpSocket.m */,
				84CA7D47284EF0B200AC16DA /* Main.storyboard */,
				84CA7D4A284EF0B400AC16DA /* Assets.xcassets */,
				84CA7D4C284EF0B400AC16DA /* LaunchScreen.storyboard */,
				84CA7D4F284EF0B400AC16DA /* Info.plist */,
				84CA7D50284EF0B400AC16DA /* main.m */,
			);
			path = TestSocket;
			sourceTree = "<group>";
		};
		84CA7D59284EF0B400AC16DA /* TestSocketTests */ = {
			isa = PBXGroup;
			children = (
				84CA7D5A284EF0B400AC16DA /* TestSocketTests.m */,
			);
			path = TestSocketTests;
			sourceTree = "<group>";
		};
		84CA7D63284EF0B400AC16DA /* TestSocketUITests */ = {
			isa = PBXGroup;
			children = (
				84CA7D64284EF0B400AC16DA /* TestSocketUITests.m */,
				84CA7D66284EF0B400AC16DA /* TestSocketUITestsLaunchTests.m */,
			);
			path = TestSocketUITests;
			sourceTree = "<group>";
		};
		84CA7D79284EF51600AC16DA /* Frameworks */ = {
			isa = PBXGroup;
			children = (
				84CA7D7A284EF51600AC16DA /* CFNetwork.framework */,
			);
			name = Frameworks;
			sourceTree = "<group>";
		};
/* End PBXGroup section */

/* Begin PBXNativeTarget section */
		84CA7D3A284EF0B200AC16DA /* TestSocket */ = {
			isa = PBXNativeTarget;
			buildConfigurationList = 84CA7D6A284EF0B400AC16DA /* Build configuration list for PBXNativeTarget "TestSocket" */;
			buildPhases = (
				84CA7D37284EF0B200AC16DA /* Sources */,
				84CA7D38284EF0B200AC16DA /* Frameworks */,
				84CA7D39284EF0B200AC16DA /* Resources */,
			);
			buildRules = (
			);
			dependencies = (
			);
			name = TestSocket;
			productName = TestSocket;
			productReference = 84CA7D3B284EF0B200AC16DA /* TestSocket.app */;
			productType = "com.apple.product-type.application";
		};
		84CA7D55284EF0B400AC16DA /* TestSocketTests */ = {
			isa = PBXNativeTarget;
			buildConfigurationList = 84CA7D6D284EF0B400AC16DA /* Build configuration list for PBXNativeTarget "TestSocketTests" */;
			buildPhases = (
				84CA7D52284EF0B400AC16DA /* Sources */,
				84CA7D53284EF0B400AC16DA /* Frameworks */,
				84CA7D54284EF0B400AC16DA /* Resources */,
			);
			buildRules = (
			);
			dependencies = (
				84CA7D58284EF0B400AC16DA /* PBXTargetDependency */,
			);
			name = TestSocketTests;
			productName = TestSocketTests;
			productReference = 84CA7D56284EF0B400AC16DA /* TestSocketTests.xctest */;
			productType = "com.apple.product-type.bundle.unit-test";
		};
		84CA7D5F284EF0B400AC16DA /* TestSocketUITests */ = {
			isa = PBXNativeTarget;
			buildConfigurationList = 84CA7D70284EF0B400AC16DA /* Build configuration list for PBXNativeTarget "TestSocketUITests" */;
			buildPhases = (
				84CA7D5C284EF0B400AC16DA /* Sources */,
				84CA7D5D284EF0B400AC16DA /* Frameworks */,
				84CA7D5E284EF0B400AC16DA /* Resources */,
			);
			buildRules = (
			);
			dependencies = (
				84CA7D62284EF0B400AC16DA /* PBXTargetDependency */,
			);
			name = TestSocketUITests;
			productName = TestSocketUITests;
			productReference = 84CA7D60284EF0B400AC16DA /* TestSocketUITests.xctest */;
			productType = "com.apple.product-type.bundle.ui-testing";
		};
/* End PBXNativeTarget section */

/* Begin PBXProject section */
		84CA7D33284EF0B200AC16DA /* Project object */ = {
			isa = PBXProject;
			attributes = {
				BuildIndependentTargetsInParallel = 1;
				LastUpgradeCheck = 1330;
				TargetAttributes = {
					84CA7D3A284EF0B200AC16DA = {
						CreatedOnToolsVersion = 13.3;
					};
					84CA7D55284EF0B400AC16DA = {
						CreatedOnToolsVersion = 13.3;
						TestTargetID = 84CA7D3A284EF0B200AC16DA;
					};
					84CA7D5F284EF0B400AC16DA = {
						CreatedOnToolsVersion = 13.3;
						TestTargetID = 84CA7D3A284EF0B200AC16DA;
					};
				};
			};
			buildConfigurationList = 84CA7D36284EF0B200AC16DA /* Build configuration list for PBXProject "TestSocket" */;
			compatibilityVersion = "Xcode 13.0";
			developmentRegion = en;
			hasScannedForEncodings = 0;
			knownRegions = (
				en,
				Base,
			);
			mainGroup = 84CA7D32284EF0B200AC16DA;
			productRefGroup = 84CA7D3C284EF0B200AC16DA /* Products */;
			projectDirPath = "";
			projectRoot = "";
			targets = (
				84CA7D3A284EF0B200AC16DA /* TestSocket */,
				84CA7D55284EF0B400AC16DA /* TestSocketTests */,
				84CA7D5F284EF0B400AC16DA /* TestSocketUITests */,
			);
		};
/* End PBXProject section */

/* Begin PBXResourcesBuildPhase section */
		84CA7D39284EF0B200AC16DA /* Resources */ = {
			isa = PBXResourcesBuildPhase;
			buildActionMask = 2147483647;
			files = (
				84CA7D4E284EF0B400AC16DA /* LaunchScreen.storyboard in Resources */,
				84CA7D4B284EF0B400AC16DA /* Assets.xcassets in Resources */,
				84CA7D49284EF0B200AC16DA /* Main.storyboard in Resources */,
			);
			runOnlyForDeploymentPostprocessing = 0;
		};
		84CA7D54284EF0B400AC16DA /* Resources */ = {
			isa = PBXResourcesBuildPhase;
			buildActionMask = 2147483647;
			files = (
			);
			runOnlyForDeploymentPostprocessing = 0;
		};
		84CA7D5E284EF0B400AC16DA /* Resources */ = {
			isa = PBXResourcesBuildPhase;
			buildActionMask = 2147483647;
			files = (
			);
			runOnlyForDeploymentPostprocessing = 0;
		};
/* End PBXResourcesBuildPhase section */

/* Begin PBXSourcesBuildPhase section */
		84CA7D37284EF0B200AC16DA /* Sources */ = {
			isa = PBXSourcesBuildPhase;
			buildActionMask = 2147483647;
			files = (
				84CA7D78284EF4B600AC16DA /* GCDAsyncSocket.m in Sources */,
				84CA7D46284EF0B200AC16DA /* ViewController.m in Sources */,
				84CA7D77284EF4B600AC16DA /* GCDAsyncUdpSocket.m in Sources */,
				84CA7D40284EF0B200AC16DA /* AppDelegate.m in Sources */,
				84CA7D51284EF0B400AC16DA /* main.m in Sources */,
				84CA7D43284EF0B200AC16DA /* SceneDelegate.m in Sources */,
			);
			runOnlyForDeploymentPostprocessing = 0;
		};
		84CA7D52284EF0B400AC16DA /* Sources */ = {
			isa = PBXSourcesBuildPhase;
			buildActionMask = 2147483647;
			files = (
				84CA7D5B284EF0B400AC16DA /* TestSocketTests.m in Sources */,
			);
			runOnlyForDeploymentPostprocessing = 0;
		};
		84CA7D5C284EF0B400AC16DA /* Sources */ = {
			isa = PBXSourcesBuildPhase;
			buildActionMask = 2147483647;
			files = (
				84CA7D65284EF0B400AC16DA /* TestSocketUITests.m in Sources */,
				84CA7D67284EF0B400AC16DA /* TestSocketUITestsLaunchTests.m in Sources */,
			);
			runOnlyForDeploymentPostprocessing = 0;
		};
/* End PBXSourcesBuildPhase section */

/* Begin PBXTargetDependency section */
		84CA7D58284EF0B400AC16DA /* PBXTargetDependency */ = {
			isa = PBXTargetDependency;
			target = 84CA7D3A284EF0B200AC16DA /* TestSocket */;
			targetProxy = 84CA7D57284EF0B400AC16DA /* PBXContainerItemProxy */;
		};
		84CA7D62284EF0B400AC16DA /* PBXTargetDependency */ = {
			isa = PBXTargetDependency;
			target = 84CA7D3A284EF0B200AC16DA /* TestSocket */;
			targetProxy = 84CA7D61284EF0B400AC16DA /* PBXContainerItemProxy */;
		};
/* End PBXTargetDependency section */

/* Begin PBXVariantGroup section */
		84CA7D47284EF0B200AC16DA /* Main.storyboard */ = {
			isa = PBXVariantGroup;
			children = (
				84CA7D48284EF0B200AC16DA /* Base */,
			);
			name = Main.storyboard;
			sourceTree = "<group>";
		};
		84CA7D4C284EF0B400AC16DA /* LaunchScreen.storyboard */ = {
			isa = PBXVariantGroup;
			children = (
				84CA7D4D284EF0B400AC16DA /* Base */,
			);
			name = LaunchScreen.storyboard;
			sourceTree = "<group>";
		};
/* End PBXVariantGroup section */

/* Begin XCBuildConfiguration section */
		84CA7D68284EF0B400AC16DA /* Debug */ = {
			isa = XCBuildConfiguration;
			buildSettings = {
				ALWAYS_SEARCH_USER_PATHS = NO;
				CLANG_ANALYZER_NONNULL = YES;
				CLANG_ANALYZER_NUMBER_OBJECT_CONVERSION = YES_AGGRESSIVE;
				CLANG_CXX_LANGUAGE_STANDARD = "gnu++17";
				CLANG_ENABLE_MODULES = YES;
				CLANG_ENABLE_OBJC_ARC = YES;
				CLANG_ENABLE_OBJC_WEAK = YES;
				CLANG_WARN_BLOCK_CAPTURE_AUTORELEASING = YES;
				CLANG_WARN_BOOL_CONVERSION = YES;
				CLANG_WARN_COMMA = YES;
				CLANG_WARN_CONSTANT_CONVERSION = YES;
				CLANG_WARN_DEPRECATED_OBJC_IMPLEMENTATIONS = YES;
				CLANG_WARN_DIRECT_OBJC_ISA_USAGE = YES_ERROR;
				CLANG_WARN_DOCUMENTATION_COMMENTS = YES;
				CLANG_WARN_EMPTY_BODY = YES;
				CLANG_WARN_ENUM_CONVERSION = YES;
				CLANG_WARN_INFINITE_RECURSION = YES;
				CLANG_WARN_INT_CONVERSION = YES;
				CLANG_WARN_NON_LITERAL_NULL_CONVERSION = YES;
				CLANG_WARN_OBJC_IMPLICIT_RETAIN_SELF = YES;
				CLANG_WARN_OBJC_LITERAL_CONVERSION = YES;
				CLANG_WARN_OBJC_ROOT_CLASS = YES_ERROR;
				CLANG_WARN_QUOTED_INCLUDE_IN_FRAMEWORK_HEADER = YES;
				CLANG_WARN_RANGE_LOOP_ANALYSIS = YES;
				CLANG_WARN_STRICT_PROTOTYPES = YES;
				CLANG_WARN_SUSPICIOUS_MOVE = YES;
				CLANG_WARN_UNGUARDED_AVAILABILITY = YES_AGGRESSIVE;
				CLANG_WARN_UNREACHABLE_CODE = YES;
				CLANG_WARN__DUPLICATE_METHOD_MATCH = YES;
				COPY_PHASE_STRIP = NO;
				DEBUG_INFORMATION_FORMAT = dwarf;
				ENABLE_STRICT_OBJC_MSGSEND = YES;
				ENABLE_TESTABILITY = YES;
				GCC_C_LANGUAGE_STANDARD = gnu11;
				GCC_DYNAMIC_NO_PIC = NO;
				GCC_NO_COMMON_BLOCKS = YES;
				GCC_OPTIMIZATION_LEVEL = 0;
				GCC_PREPROCESSOR_DEFINITIONS = (
					"DEBUG=1",
					"$(inherited)",
				);
				GCC_WARN_64_TO_32_BIT_CONVERSION = YES;
				GCC_WARN_ABOUT_RETURN_TYPE = YES_ERROR;
				GCC_WARN_UNDECLARED_SELECTOR = YES;
				GCC_WARN_UNINITIALIZED_AUTOS = YES_AGGRESSIVE;
				GCC_WARN_UNUSED_FUNCTION = YES;
				GCC_WARN_UNUSED_VARIABLE = YES;
				IPHONEOS_DEPLOYMENT_TARGET = 15.4;
				MTL_ENABLE_DEBUG_INFO = INCLUDE_SOURCE;
				MTL_FAST_MATH = YES;
				ONLY_ACTIVE_ARCH = YES;
				SDKROOT = iphoneos;
			};
			name = Debug;
		};
		84CA7D69284EF0B400AC16DA /* Release */ = {
			isa = XCBuildConfiguration;
			buildSettings = {
				ALWAYS_SEARCH_USER_PATHS = NO;
				CLANG_ANALYZER_NONNULL = YES;
				CLANG_ANALYZER_NUMBER_OBJECT_CONVERSION = YES_AGGRESSIVE;
				CLANG_CXX_LANGUAGE_STANDARD = "gnu++17";
				CLANG_ENABLE_MODULES = YES;
				CLANG_ENABLE_OBJC_ARC = YES;
				CLANG_ENABLE_OBJC_WEAK = YES;
				CLANG_WARN_BLOCK_CAPTURE_AUTORELEASING = YES;
				CLANG_WARN_BOOL_CONVERSION = YES;
				CLANG_WARN_COMMA = YES;
				CLANG_WARN_CONSTANT_CONVERSION = YES;
				CLANG_WARN_DEPRECATED_OBJC_IMPLEMENTATIONS = YES;
				CLANG_WARN_DIRECT_OBJC_ISA_USAGE = YES_ERROR;
				CLANG_WARN_DOCUMENTATION_COMMENTS = YES;
				CLANG_WARN_EMPTY_BODY = YES;
				CLANG_WARN_ENUM_CONVERSION = YES;
				CLANG_WARN_INFINITE_RECURSION = YES;
				CLANG_WARN_INT_CONVERSION = YES;
				CLANG_WARN_NON_LITERAL_NULL_CONVERSION = YES;
				CLANG_WARN_OBJC_IMPLICIT_RETAIN_SELF = YES;
				CLANG_WARN_OBJC_LITERAL_CONVERSION = YES;
				CLANG_WARN_OBJC_ROOT_CLASS = YES_ERROR;
				CLANG_WARN_QUOTED_INCLUDE_IN_FRAMEWORK_HEADER = YES;
				CLANG_WARN_RANGE_LOOP_ANALYSIS = YES;
				CLANG_WARN_STRICT_PROTOTYPES = YES;
				CLANG_WARN_SUSPICIOUS_MOVE = YES;
				CLANG_WARN_UNGUARDED_AVAILABILITY = YES_AGGRESSIVE;
				CLANG_WARN_UNREACHABLE_CODE = YES;
				CLANG_WARN__DUPLICATE_METHOD_MATCH = YES;
				COPY_PHASE_STRIP = NO;
				DEBUG_INFORMATION_FORMAT = "dwarf-with-dsym";
				ENABLE_NS_ASSERTIONS = NO;
				ENABLE_STRICT_OBJC_MSGSEND = YES;
				GCC_C_LANGUAGE_STANDARD = gnu11;
				GCC_NO_COMMON_BLOCKS = YES;
				GCC_WARN_64_TO_32_BIT_CONVERSION = YES;
				GCC_WARN_ABOUT_RETURN_TYPE = YES_ERROR;
				GCC_WARN_UNDECLARED_SELECTOR = YES;
				GCC_WARN_UNINITIALIZED_AUTOS = YES_AGGRESSIVE;
				GCC_WARN_UNUSED_FUNCTION = YES;
				GCC_WARN_UNUSED_VARIABLE = YES;
				IPHONEOS_DEPLOYMENT_TARGET = 15.4;
				MTL_ENABLE_DEBUG_INFO = NO;
				MTL_FAST_MATH = YES;
				SDKROOT = iphoneos;
				VALIDATE_PRODUCT = YES;
			};
			name = Release;
		};
		84CA7D6B284EF0B400AC16DA /* Debug */ = {
			isa = XCBuildConfiguration;
			buildSettings = {
				ASSETCATALOG_COMPILER_APPICON_NAME = AppIcon;
				ASSETCATALOG_COMPILER_GLOBAL_ACCENT_COLOR_NAME = AccentColor;
				CODE_SIGN_STYLE = Automatic;
				CURRENT_PROJECT_VERSION = 1;
				GENERATE_INFOPLIST_FILE = YES;
				INFOPLIST_FILE = TestSocket/Info.plist;
				INFOPLIST_KEY_UIApplicationSupportsIndirectInputEvents = YES;
				INFOPLIST_KEY_UILaunchStoryboardName = LaunchScreen;
				INFOPLIST_KEY_UIMainStoryboardFile = Main;
				INFOPLIST_KEY_UISupportedInterfaceOrientations_iPad = "UIInterfaceOrientationPortrait UIInterfaceOrientationPortraitUpsideDown UIInterfaceOrientationLandscapeLeft UIInterfaceOrientationLandscapeRight";
				INFOPLIST_KEY_UISupportedInterfaceOrientations_iPhone = "UIInterfaceOrientationPortrait UIInterfaceOrientationLandscapeLeft UIInterfaceOrientationLandscapeRight";
				LD_RUNPATH_SEARCH_PATHS = (
					"$(inherited)",
					"@executable_path/Frameworks",
				);
				MARKETING_VERSION = 1.0;
				PRODUCT_BUNDLE_IDENTIFIER = com.test.TestSocket;
				PRODUCT_NAME = "$(TARGET_NAME)";
				SWIFT_EMIT_LOC_STRINGS = YES;
				TARGETED_DEVICE_FAMILY = "1,2";
			};
			name = Debug;
		};
		84CA7D6C284EF0B400AC16DA /* Release */ = {
			isa = XCBuildConfiguration;
			buildSettings = {
				ASSETCATALOG_COMPILER_APPICON_NAME = AppIcon;
				ASSETCATALOG_COMPILER_GLOBAL_ACCENT_COLOR_NAME = AccentColor;
				CODE_SIGN_STYLE = Automatic;
				CURRENT_PROJECT_VERSION = 1;
				GENERATE_INFOPLIST_FILE = YES;
				INFOPLIST_FILE = TestSocket/Info.plist;
				INFOPLIST_KEY_UIApplicationSupportsIndirectInputEvents = YES;
				INFOPLIST_KEY_UILaunchStoryboardName = LaunchScreen;
				INFOPLIST_KEY_UIMainStoryboardFile = Main;
				INFOPLIST_KEY_UISupportedInterfaceOrientations_iPad = "UIInterfaceOrientationPortrait UIInterfaceOrientationPortraitUpsideDown UIInterfaceOrientationLandscapeLeft UIInterfaceOrientationLandscapeRight";
				INFOPLIST_KEY_UISupportedInterfaceOrientations_iPhone = "UIInterfaceOrientationPortrait UIInterfaceOrientationLandscapeLeft UIInterfaceOrientationLandscapeRight";
				LD_RUNPATH_SEARCH_PATHS = (
					"$(inherited)",
					"@executable_path/Frameworks",
				);
				MARKETING_VERSION = 1.0;
				PRODUCT_BUNDLE_IDENTIFIER = com.test.TestSocket;
				PRODUCT_NAME = "$(TARGET_NAME)";
				SWIFT_EMIT_LOC_STRINGS = YES;
				TARGETED_DEVICE_FAMILY = "1,2";
			};
			name = Release;
		};
		84CA7D6E284EF0B400AC16DA /* Debug */ = {
			isa = XCBuildConfiguration;
			buildSettings = {
				BUNDLE_LOADER = "$(TEST_HOST)";
				CODE_SIGN_STYLE = Automatic;
				CURRENT_PROJECT_VERSION = 1;
				GENERATE_INFOPLIST_FILE = YES;
				IPHONEOS_DEPLOYMENT_TARGET = 15.4;
				MARKETING_VERSION = 1.0;
				PRODUCT_BUNDLE_IDENTIFIER = com.test.TestSocketTests;
				PRODUCT_NAME = "$(TARGET_NAME)";
				SWIFT_EMIT_LOC_STRINGS = NO;
				TARGETED_DEVICE_FAMILY = "1,2";
				TEST_HOST = "$(BUILT_PRODUCTS_DIR)/TestSocket.app/TestSocket";
			};
			name = Debug;
		};
		84CA7D6F284EF0B400AC16DA /* Release */ = {
			isa = XCBuildConfiguration;
			buildSettings = {
				BUNDLE_LOADER = "$(TEST_HOST)";
				CODE_SIGN_STYLE = Automatic;
				CURRENT_PROJECT_VERSION = 1;
				GENERATE_INFOPLIST_FILE = YES;
				IPHONEOS_DEPLOYMENT_TARGET = 15.4;
				MARKETING_VERSION = 1.0;
				PRODUCT_BUNDLE_IDENTIFIER = com.test.TestSocketTests;
				PRODUCT_NAME = "$(TARGET_NAME)";
				SWIFT_EMIT_LOC_STRINGS = NO;
				TARGETED_DEVICE_FAMILY = "1,2";
				TEST_HOST = "$(BUILT_PRODUCTS_DIR)/TestSocket.app/TestSocket";
			};
			name = Release;
		};
		84CA7D71284EF0B400AC16DA /* Debug */ = {
			isa = XCBuildConfiguration;
			buildSettings = {
				CODE_SIGN_STYLE = Automatic;
				CURRENT_PROJECT_VERSION = 1;
				GENERATE_INFOPLIST_FILE = YES;
				MARKETING_VERSION = 1.0;
				PRODUCT_BUNDLE_IDENTIFIER = com.test.TestSocketUITests;
				PRODUCT_NAME = "$(TARGET_NAME)";
				SWIFT_EMIT_LOC_STRINGS = NO;
				TARGETED_DEVICE_FAMILY = "1,2";
				TEST_TARGET_NAME = TestSocket;
			};
			name = Debug;
		};
		84CA7D72284EF0B400AC16DA /* Release */ = {
			isa = XCBuildConfiguration;
			buildSettings = {
				CODE_SIGN_STYLE = Automatic;
				CURRENT_PROJECT_VERSION = 1;
				GENERATE_INFOPLIST_FILE = YES;
				MARKETING_VERSION = 1.0;
				PRODUCT_BUNDLE_IDENTIFIER = com.test.TestSocketUITests;
				PRODUCT_NAME = "$(TARGET_NAME)";
				SWIFT_EMIT_LOC_STRINGS = NO;
				TARGETED_DEVICE_FAMILY = "1,2";
				TEST_TARGET_NAME = TestSocket;
			};
			name = Release;
		};
/* End XCBuildConfiguration section */

/* Begin XCConfigurationList section */
		84CA7D36284EF0B200AC16DA /* Build configuration list for PBXProject "TestSocket" */ = {
			isa = XCConfigurationList;
			buildConfigurations = (
				84CA7D68284EF0B400AC16DA /* Debug */,
				84CA7D69284EF0B400AC16DA /* Release */,
			);
			defaultConfigurationIsVisible = 0;
			defaultConfigurationName = Release;
		};
		84CA7D6A284EF0B400AC16DA /* Build configuration list for PBXNativeTarget "TestSocket" */ = {
			isa = XCConfigurationList;
			buildConfigurations = (
				84CA7D6B284EF0B400AC16DA /* Debug */,
				84CA7D6C284EF0B400AC16DA /* Release */,
			);
			defaultConfigurationIsVisible = 0;
			defaultConfigurationName = Release;
		};
		84CA7D6D284EF0B400AC16DA /* Build configuration list for PBXNativeTarget "TestSocketTests" */ = {
			isa = XCConfigurationList;
			buildConfigurations = (
				84CA7D6E284EF0B400AC16DA /* Debug */,
				84CA7D6F284EF0B400AC16DA /* Release */,
			);
			defaultConfigurationIsVisible = 0;
			defaultConfigurationName = Release;
		};
		84CA7D70284EF0B400AC16DA /* Build configuration list for PBXNativeTarget "TestSocketUITests" */ = {
			isa = XCConfigurationList;
			buildConfigurations = (
				84CA7D71284EF0B400AC16DA /* Debug */,
				84CA7D72284EF0B400AC16DA /* Release */,
			);
			defaultConfigurationIsVisible = 0;
			defaultConfigurationName = Release;
		};
/* End XCConfigurationList section */
	};
	rootObject = 84CA7D33284EF0B200AC16DA /* Project object */;
}
